
Microsoft Visual Studio Solution File, Format Version 12.00
# Visual Studio Version 17
VisualStudioVersion = 17.6.33723.286
MinimumVisualStudioVersion = 10.0.40219.1
Project("{FAE04EC0-301F-11D3-BF4B-00C04F79EFBC}") = "Lab03Program", "Lab03Program.csproj", "{A28AD13A-0660-459C-BF64-9A236846E7F9}"
EndProject
Project("{FAE04EC0-301F-11D3-BF4B-00C04F79EFBC}") = "Lab03Test", "..\Lab03Test\Lab03Test.csproj", "{BCEC0965-7C9C-49DE-846C-6E179BB26CD7}"
EndProject
Global
	GlobalSection(SolutionConfigurationPlatforms) = preSolution
		Debug|Any CPU = Debug|Any CPU
		Release|Any CPU = Release|Any CPU
	EndGlobalSection
	GlobalSection(ProjectConfigurationPlatforms) = postSolution
		{A28AD13A-0660-459C-BF64-9A236846E7F9}.Debug|Any CPU.ActiveCfg = Debug|Any CPU
		{A28AD13A-0660-459C-BF64-9A236846E7F9}.Debug|Any CPU.Build.0 = Debug|Any CPU
		{A28AD13A-0660-459C-BF64-9A236846E7F9}.Release|Any CPU.ActiveCfg = Release|Any CPU
		{A28AD13A-0660-459C-BF64-9A236846E7F9}.Release|Any CPU.Build.0 = Release|Any CPU
		{BCEC0965-7C9C-49DE-846C-6E179BB26CD7}.Debug|Any CPU.ActiveCfg = Debug|Any CPU
		{BCEC0965-7C9C-49DE-846C-6E179BB26CD7}.Debug|Any CPU.Build.0 = Debug|Any CPU
		{BCEC0965-7C9C-49DE-846C-6E179BB26CD7}.Release|Any CPU.ActiveCfg = Release|Any CPU
		{BCEC0965-7C9C-49DE-846C-6E179BB26CD7}.Release|Any CPU.Build.0 = Release|Any CPU
	EndGlobalSection
	GlobalSection(SolutionProperties) = preSolution
		HideSolutionNode = FALSE
	EndGlobalSection
	GlobalSection(ExtensibilityGlobals) = postSolution
		SolutionGuid = {114A0A76-5476-4781-B7CC-3602590014AB}
	EndGlobalSection
EndGlobal
